
Microsoft Visual Studio Solution File, Format Version 12.00
# Visual Studio 15
VisualStudioVersion = 15.0.27130.2020
MinimumVisualStudioVersion = 10.0.40219.1
Project("{9A19103F-16F7-4668-BE54-9A1E7A4F7556}") = "Api", "Api\Api.csproj", "{9B789EF7-CEB8-4131-9891-30B92F75D5AE}"
EndProject
Project("{9A19103F-16F7-4668-BE54-9A1E7A4F7556}") = "ClientCredentialsGrantClient", "ConsoleClient\ClientCredentialsGrantClient.csproj", "{6ED6EEFA-D6D6-4F31-977B-587EA2E862E0}"
EndProject
Project("{9A19103F-16F7-4668-BE54-9A1E7A4F7556}") = "ResourceOwnerGrantClient", "ResourceOwnerGrantClient\ResourceOwnerGrantClient.csproj", "{60FCA282-B353-4104-8918-7ECAFB4AF9B7}"
EndProject
Project("{9A19103F-16F7-4668-BE54-9A1E7A4F7556}") = "MvcClient", "MvcClient\MvcClient.csproj", "{AB302258-8E83-45BD-9D0E-D8D46A95925E}"
EndProject
Project("{9A19103F-16F7-4668-BE54-9A1E7A4F7556}") = "IdentityServerWithAspNetIdentity", "IdentityServerWithAspNetIdentity\IdentityServerWithAspNetIdentity.csproj", "{C0A7A323-110D-42DA-9AAF-5DC18AC9B5CA}"
EndProject
Project("{FAE04EC0-301F-11D3-BF4B-00C04F79EFBC}") = "JavaScriptClient", "JavaScriptClient\JavaScriptClient.csproj", "{011CDA3F-A392-4346-88A9-BFF7D10512C9}"
EndProject
Global
	GlobalSection(SolutionConfigurationPlatforms) = preSolution
		Debug|Any CPU = Debug|Any CPU
		Release|Any CPU = Release|Any CPU
	EndGlobalSection
	GlobalSection(ProjectConfigurationPlatforms) = postSolution
		{9B789EF7-CEB8-4131-9891-30B92F75D5AE}.Debug|Any CPU.ActiveCfg = Debug|Any CPU
		{9B789EF7-CEB8-4131-9891-30B92F75D5AE}.Debug|Any CPU.Build.0 = Debug|Any CPU
		{9B789EF7-CEB8-4131-9891-30B92F75D5AE}.Release|Any CPU.ActiveCfg = Release|Any CPU
		{9B789EF7-CEB8-4131-9891-30B92F75D5AE}.Release|Any CPU.Build.0 = Release|Any CPU
		{6ED6EEFA-D6D6-4F31-977B-587EA2E862E0}.Debug|Any CPU.ActiveCfg = Debug|Any CPU
		{6ED6EEFA-D6D6-4F31-977B-587EA2E862E0}.Debug|Any CPU.Build.0 = Debug|Any CPU
		{6ED6EEFA-D6D6-4F31-977B-587EA2E862E0}.Release|Any CPU.ActiveCfg = Release|Any CPU
		{6ED6EEFA-D6D6-4F31-977B-587EA2E862E0}.Release|Any CPU.Build.0 = Release|Any CPU
		{60FCA282-B353-4104-8918-7ECAFB4AF9B7}.Debug|Any CPU.ActiveCfg = Debug|Any CPU
		{60FCA282-B353-4104-8918-7ECAFB4AF9B7}.Debug|Any CPU.Build.0 = Debug|Any CPU
		{60FCA282-B353-4104-8918-7ECAFB4AF9B7}.Release|Any CPU.ActiveCfg = Release|Any CPU
		{60FCA282-B353-4104-8918-7ECAFB4AF9B7}.Release|Any CPU.Build.0 = Release|Any CPU
		{AB302258-8E83-45BD-9D0E-D8D46A95925E}.Debug|Any CPU.ActiveCfg = Debug|Any CPU
		{AB302258-8E83-45BD-9D0E-D8D46A95925E}.Debug|Any CPU.Build.0 = Debug|Any CPU
		{AB302258-8E83-45BD-9D0E-D8D46A95925E}.Release|Any CPU.ActiveCfg = Release|Any CPU
		{AB302258-8E83-45BD-9D0E-D8D46A95925E}.Release|Any CPU.Build.0 = Release|Any CPU
		{C0A7A323-110D-42DA-9AAF-5DC18AC9B5CA}.Debug|Any CPU.ActiveCfg = Debug|Any CPU
		{C0A7A323-110D-42DA-9AAF-5DC18AC9B5CA}.Debug|Any CPU.Build.0 = Debug|Any CPU
		{C0A7A323-110D-42DA-9AAF-5DC18AC9B5CA}.Release|Any CPU.ActiveCfg = Release|Any CPU
		{C0A7A323-110D-42DA-9AAF-5DC18AC9B5CA}.Release|Any CPU.Build.0 = Release|Any CPU
		{011CDA3F-A392-4346-88A9-BFF7D10512C9}.Debug|Any CPU.ActiveCfg = Debug|Any CPU
		{011CDA3F-A392-4346-88A9-BFF7D10512C9}.Debug|Any CPU.Build.0 = Debug|Any CPU
		{011CDA3F-A392-4346-88A9-BFF7D10512C9}.Release|Any CPU.ActiveCfg = Release|Any CPU
		{011CDA3F-A392-4346-88A9-BFF7D10512C9}.Release|Any CPU.Build.0 = Release|Any CPU
	EndGlobalSection
	GlobalSection(SolutionProperties) = preSolution
		HideSolutionNode = FALSE
	EndGlobalSection
	GlobalSection(ExtensibilityGlobals) = postSolution
		SolutionGuid = {91613869-36A9-49DA-83E8-E9952CBAA575}
	EndGlobalSection
EndGlobal
